
Microsoft Visual Studio Solution File, Format Version 12.00
# Visual Studio 15
VisualStudioVersion = 15.0.28307.136
MinimumVisualStudioVersion = 10.0.40219.1
Project("{9A19103F-16F7-4668-BE54-9A1E7A4F7556}") = "FitnessGuru.Web", "FitnessGuru.Web\FitnessGuru.Web.csproj", "{5DC71C9E-0E1B-4690-AE0A-7C8DAB91ACA7}"
EndProject
Project("{9A19103F-16F7-4668-BE54-9A1E7A4F7556}") = "FitnessGuru.Data", "FitnessGuru.Data\FitnessGuru.Data.csproj", "{9E01D0F5-C369-45E5-A6C6-6AE2F9C5F543}"
EndProject
Project("{9A19103F-16F7-4668-BE54-9A1E7A4F7556}") = "FitnessGuru.Models", "FitnessGuru.Models\FitnessGuru.Models.csproj", "{2B6FE3FA-68A0-4A2F-A10C-2B98EA11E1AE}"
EndProject
Project("{2150E333-8FDC-42A3-9474-1A3956D46DE8}") = "Tests", "Tests", "{BE6F05F3-1D93-41BA-9293-CBA548F840A2}"
EndProject
Project("{9A19103F-16F7-4668-BE54-9A1E7A4F7556}") = "FitnessGuru.Data.Common", "FitnessGuru.Data.Common\FitnessGuru.Data.Common.csproj", "{130D3976-26AF-4BED-88D3-B057D42450F0}"
EndProject
Project("{9A19103F-16F7-4668-BE54-9A1E7A4F7556}") = "FitnessGuru.Services.DataServices", "FitnessGuru.Services\FitnessGuru.Services.DataServices.csproj", "{4AF92A42-FD0A-4561-A730-9CEDDDF9E13C}"
EndProject
Project("{2150E333-8FDC-42A3-9474-1A3956D46DE8}") = "Services", "Services", "{81D187D0-5EE8-4B5F-885D-FA3C510923D3}"
EndProject
Project("{2150E333-8FDC-42A3-9474-1A3956D46DE8}") = "Web", "Web", "{3E0FD1EA-C52A-4366-9028-925273D4017A}"
EndProject
Project("{2150E333-8FDC-42A3-9474-1A3956D46DE8}") = "Data", "Data", "{6CFB671E-1979-4B97-897A-7F42E5C1CF98}"
EndProject
Project("{2150E333-8FDC-42A3-9474-1A3956D46DE8}") = "Models", "Models", "{16E0E8E2-0E53-4581-A4E0-6F8E1E53FA99}"
EndProject
Project("{9A19103F-16F7-4668-BE54-9A1E7A4F7556}") = "FitnessGuru.Services.Models", "FitnessGuru.Services.Models\FitnessGuru.Services.Models.csproj", "{0EA8B15A-8698-4824-9B67-B50F1A3FA197}"
EndProject
Project("{9A19103F-16F7-4668-BE54-9A1E7A4F7556}") = "FitnessGuru.Services.Mapping", "FitnessGuru.Services.Mapping\FitnessGuru.Services.Mapping.csproj", "{CB921305-5B72-48D9-818A-9BA0FD2201EE}"
EndProject
Project("{9A19103F-16F7-4668-BE54-9A1E7A4F7556}") = "FitnessGuru.Services.DataServices.Tests", "FitnessGuru.Services.DataServices.Tests\FitnessGuru.Services.DataServices.Tests.csproj", "{C1F1CEF6-3F2C-45E6-8DAA-09884AFDE206}"
EndProject
Global
	GlobalSection(SolutionConfigurationPlatforms) = preSolution
		Debug|Any CPU = Debug|Any CPU
		Release|Any CPU = Release|Any CPU
	EndGlobalSection
	GlobalSection(ProjectConfigurationPlatforms) = postSolution
		{5DC71C9E-0E1B-4690-AE0A-7C8DAB91ACA7}.Debug|Any CPU.ActiveCfg = Debug|Any CPU
		{5DC71C9E-0E1B-4690-AE0A-7C8DAB91ACA7}.Debug|Any CPU.Build.0 = Debug|Any CPU
		{5DC71C9E-0E1B-4690-AE0A-7C8DAB91ACA7}.Release|Any CPU.ActiveCfg = Release|Any CPU
		{5DC71C9E-0E1B-4690-AE0A-7C8DAB91ACA7}.Release|Any CPU.Build.0 = Release|Any CPU
		{9E01D0F5-C369-45E5-A6C6-6AE2F9C5F543}.Debug|Any CPU.ActiveCfg = Debug|Any CPU
		{9E01D0F5-C369-45E5-A6C6-6AE2F9C5F543}.Debug|Any CPU.Build.0 = Debug|Any CPU
		{9E01D0F5-C369-45E5-A6C6-6AE2F9C5F543}.Release|Any CPU.ActiveCfg = Release|Any CPU
		{9E01D0F5-C369-45E5-A6C6-6AE2F9C5F543}.Release|Any CPU.Build.0 = Release|Any CPU
		{2B6FE3FA-68A0-4A2F-A10C-2B98EA11E1AE}.Debug|Any CPU.ActiveCfg = Debug|Any CPU
		{2B6FE3FA-68A0-4A2F-A10C-2B98EA11E1AE}.Debug|Any CPU.Build.0 = Debug|Any CPU
		{2B6FE3FA-68A0-4A2F-A10C-2B98EA11E1AE}.Release|Any CPU.ActiveCfg = Release|Any CPU
		{2B6FE3FA-68A0-4A2F-A10C-2B98EA11E1AE}.Release|Any CPU.Build.0 = Release|Any CPU
		{130D3976-26AF-4BED-88D3-B057D42450F0}.Debug|Any CPU.ActiveCfg = Debug|Any CPU
		{130D3976-26AF-4BED-88D3-B057D42450F0}.Debug|Any CPU.Build.0 = Debug|Any CPU
		{130D3976-26AF-4BED-88D3-B057D42450F0}.Release|Any CPU.ActiveCfg = Release|Any CPU
		{130D3976-26AF-4BED-88D3-B057D42450F0}.Release|Any CPU.Build.0 = Release|Any CPU
		{4AF92A42-FD0A-4561-A730-9CEDDDF9E13C}.Debug|Any CPU.ActiveCfg = Debug|Any CPU
		{4AF92A42-FD0A-4561-A730-9CEDDDF9E13C}.Debug|Any CPU.Build.0 = Debug|Any CPU
		{4AF92A42-FD0A-4561-A730-9CEDDDF9E13C}.Release|Any CPU.ActiveCfg = Release|Any CPU
		{4AF92A42-FD0A-4561-A730-9CEDDDF9E13C}.Release|Any CPU.Build.0 = Release|Any CPU
		{0EA8B15A-8698-4824-9B67-B50F1A3FA197}.Debug|Any CPU.ActiveCfg = Debug|Any CPU
		{0EA8B15A-8698-4824-9B67-B50F1A3FA197}.Debug|Any CPU.Build.0 = Debug|Any CPU
		{0EA8B15A-8698-4824-9B67-B50F1A3FA197}.Release|Any CPU.ActiveCfg = Release|Any CPU
		{0EA8B15A-8698-4824-9B67-B50F1A3FA197}.Release|Any CPU.Build.0 = Release|Any CPU
		{CB921305-5B72-48D9-818A-9BA0FD2201EE}.Debug|Any CPU.ActiveCfg = Debug|Any CPU
		{CB921305-5B72-48D9-818A-9BA0FD2201EE}.Debug|Any CPU.Build.0 = Debug|Any CPU
		{CB921305-5B72-48D9-818A-9BA0FD2201EE}.Release|Any CPU.ActiveCfg = Release|Any CPU
		{CB921305-5B72-48D9-818A-9BA0FD2201EE}.Release|Any CPU.Build.0 = Release|Any CPU
		{C1F1CEF6-3F2C-45E6-8DAA-09884AFDE206}.Debug|Any CPU.ActiveCfg = Debug|Any CPU
		{C1F1CEF6-3F2C-45E6-8DAA-09884AFDE206}.Debug|Any CPU.Build.0 = Debug|Any CPU
		{C1F1CEF6-3F2C-45E6-8DAA-09884AFDE206}.Release|Any CPU.ActiveCfg = Release|Any CPU
		{C1F1CEF6-3F2C-45E6-8DAA-09884AFDE206}.Release|Any CPU.Build.0 = Release|Any CPU
	EndGlobalSection
	GlobalSection(SolutionProperties) = preSolution
		HideSolutionNode = FALSE
	EndGlobalSection
	GlobalSection(NestedProjects) = preSolution
		{5DC71C9E-0E1B-4690-AE0A-7C8DAB91ACA7} = {3E0FD1EA-C52A-4366-9028-925273D4017A}
		{9E01D0F5-C369-45E5-A6C6-6AE2F9C5F543} = {6CFB671E-1979-4B97-897A-7F42E5C1CF98}
		{2B6FE3FA-68A0-4A2F-A10C-2B98EA11E1AE} = {16E0E8E2-0E53-4581-A4E0-6F8E1E53FA99}
		{130D3976-26AF-4BED-88D3-B057D42450F0} = {6CFB671E-1979-4B97-897A-7F42E5C1CF98}
		{4AF92A42-FD0A-4561-A730-9CEDDDF9E13C} = {81D187D0-5EE8-4B5F-885D-FA3C510923D3}
		{0EA8B15A-8698-4824-9B67-B50F1A3FA197} = {81D187D0-5EE8-4B5F-885D-FA3C510923D3}
		{CB921305-5B72-48D9-818A-9BA0FD2201EE} = {81D187D0-5EE8-4B5F-885D-FA3C510923D3}
		{C1F1CEF6-3F2C-45E6-8DAA-09884AFDE206} = {BE6F05F3-1D93-41BA-9293-CBA548F840A2}
	EndGlobalSection
	GlobalSection(ExtensibilityGlobals) = postSolution
		SolutionGuid = {2AFE50AE-6605-4232-B254-95DB05D35526}
	EndGlobalSection
EndGlobal
